// !$*UTF8*$!
{
	archiveVersion = 1;
	classes = {
	};
	objectVersion = 46;
	objects = {

/* Begin PBXBuildFile section */
		4EE7B7391E5A4D6D0023FBA4 /* main.m in Sources */ = {isa = PBXBuildFile; fileRef = 4EE7B7381E5A4D6D0023FBA4 /* main.m */; };
		4EE7B73C1E5A4D6D0023FBA4 /* AppDelegate.m in Sources */ = {isa = PBXBuildFile; fileRef = 4EE7B73B1E5A4D6D0023FBA4 /* AppDelegate.m */; };
		4EE7B73F1E5A4D6D0023FBA4 /* ViewController.m in Sources */ = {isa = PBXBuildFile; fileRef = 4EE7B73E1E5A4D6D0023FBA4 /* ViewController.m */; };
		4EE7B7421E5A4D6D0023FBA4 /* Main.storyboard in Resources */ = {isa = PBXBuildFile; fileRef = 4EE7B7401E5A4D6D0023FBA4 /* Main.storyboard */; };
		4EE7B7441E5A4D6D0023FBA4 /* Assets.xcassets in Resources */ = {isa = PBXBuildFile; fileRef = 4EE7B7431E5A4D6D0023FBA4 /* Assets.xcassets */; };
		4EE7B7471E5A4D6D0023FBA4 /* LaunchScreen.storyboard in Resources */ = {isa = PBXBuildFile; fileRef = 4EE7B7451E5A4D6D0023FBA4 /* LaunchScreen.storyboard */; };
/* End PBXBuildFile section */

/* Begin PBXFileReference section */
		4EE7B7341E5A4D6D0023FBA4 /* WidgetProject.app */ = {isa = PBXFileReference; explicitFileType = wrapper.application; includeInIndex = 0; path = WidgetProject.app; sourceTree = BUILT_PRODUCTS_DIR; };
		4EE7B7381E5A4D6D0023FBA4 /* main.m */ = {isa = PBXFileReference; lastKnownFileType = sourcecode.c.objc; path = main.m; sourceTree = "<group>"; };
		4EE7B73A1E5A4D6D0023FBA4 /* AppDelegate.h */ = {isa = PBXFileReference; lastKnownFileType = sourcecode.c.h; path = AppDelegate.h; sourceTree = "<group>"; };
		4EE7B73B1E5A4D6D0023FBA4 /* AppDelegate.m */ = {isa = PBXFileReference; lastKnownFileType = sourcecode.c.objc; path = AppDelegate.m; sourceTree = "<group>"; };
		4EE7B73D1E5A4D6D0023FBA4 /* ViewController.h */ = {isa = PBXFileReference; lastKnownFileType = sourcecode.c.h; path = ViewController.h; sourceTree = "<group>"; };
		4EE7B73E1E5A4D6D0023FBA4 /* ViewController.m */ = {isa = PBXFileReference; lastKnownFileType = sourcecode.c.objc; path = ViewController.m; sourceTree = "<group>"; };
		4EE7B7411E5A4D6D0023FBA4 /* Base */ = {isa = PBXFileReference; lastKnownFileType = file.storyboard; name = Base; path = Base.lproj/Main.storyboard; sourceTree = "<group>"; };
		4EE7B7431E5A4D6D0023FBA4 /* Assets.xcassets */ = {isa = PBXFileReference; lastKnownFileType = folder.assetcatalog; path = Assets.xcassets; sourceTree = "<group>"; };
		4EE7B7461E5A4D6D0023FBA4 /* Base */ = {isa = PBXFileReference; lastKnownFileType = file.storyboard; name = Base; path = Base.lproj/LaunchScreen.storyboard; sourceTree = "<group>"; };
		4EE7B7481E5A4D6D0023FBA4 /* Info.plist */ = {isa = PBXFileReference; lastKnownFileType = text.plist.xml; path = Info.plist; sourceTree = "<group>"; };
/* End PBXFileReference section */

/* Begin PBXFrameworksBuildPhase section */
		4EE7B7311E5A4D6C0023FBA4 /* Frameworks */ = {
			isa = PBXFrameworksBuildPhase;
			buildActionMask = 2147483647;
			files = (
			);
			runOnlyForDeploymentPostprocessing = 0;
		};
/* End PBXFrameworksBuildPhase section */

/* Begin PBXGroup section */
		4EE7B72B1E5A4D6C0023FBA4 = {
			isa = PBXGroup;
			children = (
				4EE7B7361E5A4D6D0023FBA4 /* WidgetProject */,
				4EE7B7351E5A4D6D0023FBA4 /* Products */,
			);
			sourceTree = "<group>";
		};
		4EE7B7351E5A4D6D0023FBA4 /* Products */ = {
			isa = PBXGroup;
			children = (
				4EE7B7341E5A4D6D0023FBA4 /* WidgetProject.app */,
			);
			name = Products;
			sourceTree = "<group>";
		};
		4EE7B7361E5A4D6D0023FBA4 /* WidgetProject */ = {
			isa = PBXGroup;
			children = (
				4EE7B73A1E5A4D6D0023FBA4 /* AppDelegate.h */,
				4EE7B73B1E5A4D6D0023FBA4 /* AppDelegate.m */,
				4EE7B73D1E5A4D6D0023FBA4 /* ViewController.h */,
				4EE7B73E1E5A4D6D0023FBA4 /* ViewController.m */,
				4EE7B7401E5A4D6D0023FBA4 /* Main.storyboard */,
				4EE7B7431E5A4D6D0023FBA4 /* Assets.xcassets */,
				4EE7B7451E5A4D6D0023FBA4 /* LaunchScreen.storyboard */,
				4EE7B7481E5A4D6D0023FBA4 /* Info.plist */,
				4EE7B7371E5A4D6D0023FBA4 /* Supporting Files */,
			);
			path = WidgetProject;
			sourceTree = "<group>";
		};
		4EE7B7371E5A4D6D0023FBA4 /* Supporting Files */ = {
			isa = PBXGroup;
			children = (
				4EE7B7381E5A4D6D0023FBA4 /* main.m */,
			);
			name = "Supporting Files";
			sourceTree = "<group>";
		};
/* End PBXGroup section */

/* Begin PBXNativeTarget section */
		4EE7B7331E5A4D6C0023FBA4 /* WidgetProject */ = {
			isa = PBXNativeTarget;
			buildConfigurationList = 4EE7B74B1E5A4D6D0023FBA4 /* Build configuration list for PBXNativeTarget "WidgetProject" */;
			buildPhases = (
				4EE7B7301E5A4D6C0023FBA4 /* Sources */,
				4EE7B7311E5A4D6C0023FBA4 /* Frameworks */,
				4EE7B7321E5A4D6C0023FBA4 /* Resources */,
			);
			buildRules = (
			);
			dependencies = (
			);
			name = WidgetProject;
			productName = WidgetProject;
			productReference = 4EE7B7341E5A4D6D0023FBA4 /* WidgetProject.app */;
			productType = "com.apple.product-type.application";
		};
/* End PBXNativeTarget section */

/* Begin PBXProject section */
		4EE7B72C1E5A4D6C0023FBA4 /* Project object */ = {
			isa = PBXProject;
			attributes = {
				LastUpgradeCheck = 0820;
				ORGANIZATIONNAME = "Gray, Nathan";
				TargetAttributes = {
					4EE7B7331E5A4D6C0023FBA4 = {
						CreatedOnToolsVersion = 8.2.1;
						ProvisioningStyle = Automatic;
					};
				};
			};
			buildConfigurationList = 4EE7B72F1E5A4D6C0023FBA4 /* Build configuration list for PBXProject "WidgetProject" */;
			compatibilityVersion = "Xcode 3.2";
			developmentRegion = English;
			hasScannedForEncodings = 0;
			knownRegions = (
				en,
				Base,
			);
			mainGroup = 4EE7B72B1E5A4D6C0023FBA4;
			productRefGroup = 4EE7B7351E5A4D6D0023FBA4 /* Products */;
			projectDirPath = "";
			projectRoot = "";
			targets = (
				4EE7B7331E5A4D6C0023FBA4 /* WidgetProject */,
			);
		};
/* End PBXProject section */

/* Begin PBXResourcesBuildPhase section */
		4EE7B7321E5A4D6C0023FBA4 /* Resources */ = {
			isa = PBXResourcesBuildPhase;
			buildActionMask = 2147483647;
			files = (
				4EE7B7471E5A4D6D0023FBA4 /* LaunchScreen.storyboard in Resources */,
				4EE7B7441E5A4D6D0023FBA4 /* Assets.xcassets in Resources */,
				4EE7B7421E5A4D6D0023FBA4 /* Main.storyboard in Resources */,
			);
			runOnlyForDeploymentPostprocessing = 0;
		};
/* End PBXResourcesBuildPhase section */

/* Begin PBXSourcesBuildPhase section */
		4EE7B7301E5A4D6C0023FBA4 /* Sources */ = {
			isa = PBXSourcesBuildPhase;
			buildActionMask = 2147483647;
			files = (
				4EE7B73F1E5A4D6D0023FBA4 /* ViewController.m in Sources */,
				4EE7B73C1E5A4D6D0023FBA4 /* AppDelegate.m in Sources */,
				4EE7B7391E5A4D6D0023FBA4 /* main.m in Sources */,
			);
			runOnlyForDeploymentPostprocessing = 0;
		};
/* End PBXSourcesBuildPhase section */

/* Begin PBXVariantGroup section */
		4EE7B7401E5A4D6D0023FBA4 /* Main.storyboard */ = {
			isa = PBXVariantGroup;
			children = (
				4EE7B7411E5A4D6D0023FBA4 /* Base */,
			);
			name = Main.storyboard;
			sourceTree = "<group>";
		};
		4EE7B7451E5A4D6D0023FBA4 /* LaunchScreen.storyboard */ = {
			isa = PBXVariantGroup;
			children = (
				4EE7B7461E5A4D6D0023FBA4 /* Base */,
			);
			name = LaunchScreen.storyboard;
			sourceTree = "<group>";
		};
/* End PBXVariantGroup section */

/* Begin XCBuildConfiguration section */
		4EE7B7491E5A4D6D0023FBA4 /* Debug */ = {
			isa = XCBuildConfiguration;
			buildSettings = {
				ALWAYS_SEARCH_USER_PATHS = NO;
				CLANG_ANALYZER_NONNULL = YES;
				CLANG_CXX_LANGUAGE_STANDARD = "gnu++0x";
				CLANG_CXX_LIBRARY = "libc++";
				CLANG_ENABLE_MODULES = YES;
				CLANG_ENABLE_OBJC_ARC = YES;
				CLANG_WARN_BOOL_CONVERSION = YES;
				CLANG_WARN_CONSTANT_CONVERSION = YES;
				CLANG_WARN_DIRECT_OBJC_ISA_USAGE = YES_ERROR;
				CLANG_WARN_DOCUMENTATION_COMMENTS = YES;
				CLANG_WARN_EMPTY_BODY = YES;
				CLANG_WARN_ENUM_CONVERSION = YES;
				CLANG_WARN_INFINITE_RECURSION = YES;
				CLANG_WARN_INT_CONVERSION = YES;
				CLANG_WARN_OBJC_ROOT_CLASS = YES_ERROR;
				CLANG_WARN_SUSPICIOUS_MOVE = YES;
				CLANG_WARN_UNREACHABLE_CODE = YES;
				CLANG_WARN__DUPLICATE_METHOD_MATCH = YES;
				"CODE_SIGN_IDENTITY[sdk=iphoneos*]" = "iPhone Developer";
				COPY_PHASE_STRIP = NO;
				DEBUG_INFORMATION_FORMAT = dwarf;
				ENABLE_STRICT_OBJC_MSGSEND = YES;
				ENABLE_TESTABILITY = YES;
				GCC_C_LANGUAGE_STANDARD = gnu99;
				GCC_DYNAMIC_NO_PIC = NO;
				GCC_NO_COMMON_BLOCKS = YES;
				GCC_OPTIMIZATION_LEVEL = 0;
				GCC_PREPROCESSOR_DEFINITIONS = (
					"DEBUG=1",
					"$(inherited)",
				);
				GCC_WARN_64_TO_32_BIT_CONVERSION = YES;
				GCC_WARN_ABOUT_RETURN_TYPE = YES_ERROR;
				GCC_WARN_UNDECLARED_SELECTOR = YES;
				GCC_WARN_UNINITIALIZED_AUTOS = YES_AGGRESSIVE;
				GCC_WARN_UNUSED_FUNCTION = YES;
				GCC_WARN_UNUSED_VARIABLE = YES;
				IPHONEOS_DEPLOYMENT_TARGET = 10.2;
				MTL_ENABLE_DEBUG_INFO = YES;
				ONLY_ACTIVE_ARCH = YES;
				SDKROOT = iphoneos;
			};
			name = Debug;
		};
		4EE7B74A1E5A4D6D0023FBA4 /* Release */ = {
			isa = XCBuildConfiguration;
			buildSettings = {
				ALWAYS_SEARCH_USER_PATHS = NO;
				CLANG_ANALYZER_NONNULL = YES;
				CLANG_CXX_LANGUAGE_STANDARD = "gnu++0x";
				CLANG_CXX_LIBRARY = "libc++";
				CLANG_ENABLE_MODULES = YES;
				CLANG_ENABLE_OBJC_ARC = YES;
				CLANG_WARN_BOOL_CONVERSION = YES;
				CLANG_WARN_CONSTANT_CONVERSION = YES;
				CLANG_WARN_DIRECT_OBJC_ISA_USAGE = YES_ERROR;
				CLANG_WARN_DOCUMENTATION_COMMENTS = YES;
				CLANG_WARN_EMPTY_BODY = YES;
				CLANG_WARN_ENUM_CONVERSION = YES;
				CLANG_WARN_INFINITE_RECURSION = YES;
				CLANG_WARN_INT_CONVERSION = YES;
				CLANG_WARN_OBJC_ROOT_CLASS = YES_ERROR;
				CLANG_WARN_SUSPICIOUS_MOVE = YES;
				CLANG_WARN_UNREACHABLE_CODE = YES;
				CLANG_WARN__DUPLICATE_METHOD_MATCH = YES;
				"CODE_SIGN_IDENTITY[sdk=iphoneos*]" = "iPhone Developer";
				COPY_PHASE_STRIP = NO;
				DEBUG_INFORMATION_FORMAT = "dwarf-with-dsym";
				ENABLE_NS_ASSERTIONS = NO;
				ENABLE_STRICT_OBJC_MSGSEND = YES;
				GCC_C_LANGUAGE_STANDARD = gnu99;
				GCC_NO_COMMON_BLOCKS = YES;
				GCC_WARN_64_TO_32_BIT_CONVERSION = YES;
				GCC_WARN_ABOUT_RETURN_TYPE = YES_ERROR;
				GCC_WARN_UNDECLARED_SELECTOR = YES;
				GCC_WARN_UNINITIALIZED_AUTOS = YES_AGGRESSIVE;
				GCC_WARN_UNUSED_FUNCTION = YES;
				GCC_WARN_UNUSED_VARIABLE = YES;
				IPHONEOS_DEPLOYMENT_TARGET = 10.2;
				MTL_ENABLE_DEBUG_INFO = NO;
				SDKROOT = iphoneos;
				VALIDATE_PRODUCT = YES;
			};
			name = Release;
		};
		4EE7B74C1E5A4D6D0023FBA4 /* Debug */ = {
			isa = XCBuildConfiguration;
			buildSettings = {
				ASSETCATALOG_COMPILER_APPICON_NAME = AppIcon;
				INFOPLIST_FILE = WidgetProject/Info.plist;
				LD_RUNPATH_SEARCH_PATHS = "$(inherited) @executable_path/Frameworks";
				PRODUCT_BUNDLE_IDENTIFIER = com.nategray.WidgetProject;
				PRODUCT_NAME = "$(TARGET_NAME)";
			};
			name = Debug;
		};
		4EE7B74D1E5A4D6D0023FBA4 /* Release */ = {
			isa = XCBuildConfiguration;
			buildSettings = {
				ASSETCATALOG_COMPILER_APPICON_NAME = AppIcon;
				INFOPLIST_FILE = WidgetProject/Info.plist;
				LD_RUNPATH_SEARCH_PATHS = "$(inherited) @executable_path/Frameworks";
				PRODUCT_BUNDLE_IDENTIFIER = com.nategray.WidgetProject;
				PRODUCT_NAME = "$(TARGET_NAME)";
			};
			name = Release;
		};
/* End XCBuildConfiguration section */

/* Begin XCConfigurationList section */
		4EE7B72F1E5A4D6C0023FBA4 /* Build configuration list for PBXProject "WidgetProject" */ = {
			isa = XCConfigurationList;
			buildConfigurations = (
				4EE7B7491E5A4D6D0023FBA4 /* Debug */,
				4EE7B74A1E5A4D6D0023FBA4 /* Release */,
			);
			defaultConfigurationIsVisible = 0;
			defaultConfigurationName = Release;
		};
		4EE7B74B1E5A4D6D0023FBA4 /* Build configuration list for PBXNativeTarget "WidgetProject" */ = {
			isa = XCConfigurationList;
			buildConfigurations = (
				4EE7B74C1E5A4D6D0023FBA4 /* Debug */,
				4EE7B74D1E5A4D6D0023FBA4 /* Release */,
			);
			defaultConfigurationIsVisible = 0;
		};
/* End XCConfigurationList section */
	};
	rootObject = 4EE7B72C1E5A4D6C0023FBA4 /* Project object */;
}
